
Microsoft Visual Studio Solution File, Format Version 12.00
# Visual Studio 15
VisualStudioVersion = 15.0.27130.2020
MinimumVisualStudioVersion = 10.0.40219.1
Project("{FAE04EC0-301F-11D3-BF4B-00C04F79EFBC}") = "NewsProviders", "NewsProviders\NewsProviders.csproj", "{3DEFFE03-1CAB-430F-8CB7-72948FA88F12}"
EndProject
Project("{9A19103F-16F7-4668-BE54-9A1E7A4F7556}") = "NewsProvidersTest", "NewsProvidersTest\NewsProvidersTest.csproj", "{D6F7710C-B0E9-494F-B963-DA2C377BB15D}"
EndProject
Project("{FAE04EC0-301F-11D3-BF4B-00C04F79EFBC}") = "PersonalDashboard", "PersonalDashboard\PersonalDashboard.csproj", "{93C3FB07-4F3C-4CCB-8E03-70D5EABB80A2}"
EndProject
Global
	GlobalSection(SolutionConfigurationPlatforms) = preSolution
		Debug|Any CPU = Debug|Any CPU
		Release|Any CPU = Release|Any CPU
	EndGlobalSection
	GlobalSection(ProjectConfigurationPlatforms) = postSolution
		{3DEFFE03-1CAB-430F-8CB7-72948FA88F12}.Debug|Any CPU.ActiveCfg = Debug|Any CPU
		{3DEFFE03-1CAB-430F-8CB7-72948FA88F12}.Debug|Any CPU.Build.0 = Debug|Any CPU
		{3DEFFE03-1CAB-430F-8CB7-72948FA88F12}.Release|Any CPU.ActiveCfg = Release|Any CPU
		{3DEFFE03-1CAB-430F-8CB7-72948FA88F12}.Release|Any CPU.Build.0 = Release|Any CPU
		{D6F7710C-B0E9-494F-B963-DA2C377BB15D}.Debug|Any CPU.ActiveCfg = Debug|Any CPU
		{D6F7710C-B0E9-494F-B963-DA2C377BB15D}.Debug|Any CPU.Build.0 = Debug|Any CPU
		{D6F7710C-B0E9-494F-B963-DA2C377BB15D}.Release|Any CPU.ActiveCfg = Release|Any CPU
		{D6F7710C-B0E9-494F-B963-DA2C377BB15D}.Release|Any CPU.Build.0 = Release|Any CPU
		{93C3FB07-4F3C-4CCB-8E03-70D5EABB80A2}.Debug|Any CPU.ActiveCfg = Debug|Any CPU
		{93C3FB07-4F3C-4CCB-8E03-70D5EABB80A2}.Debug|Any CPU.Build.0 = Debug|Any CPU
		{93C3FB07-4F3C-4CCB-8E03-70D5EABB80A2}.Release|Any CPU.ActiveCfg = Release|Any CPU
		{93C3FB07-4F3C-4CCB-8E03-70D5EABB80A2}.Release|Any CPU.Build.0 = Release|Any CPU
	EndGlobalSection
	GlobalSection(SolutionProperties) = preSolution
		HideSolutionNode = FALSE
	EndGlobalSection
	GlobalSection(ExtensibilityGlobals) = postSolution
		SolutionGuid = {988A0A15-562F-4DFE-B71E-1864911D5AD8}
	EndGlobalSection
EndGlobal
